cogentcore.org/core v0.3.12 h1:wniqGY3wB+xDcJ3KfobR7VutWeiZafSQkjnbOW4nAXQ=
cogentcore.org/core v0.3.12/go.mod h1:Bwg3msVxqnfwvmQjpyJbyHMeox3UAcBcBitkGEdSYSE=
github.com/chewxy/math32 v1.10.1 h1:LFpeY0SLJXeaiej/eIp2L40VYfscTvKh/FSEZ68uMkU=
github.com/chewxy/math32 v1.10.1/go.mod h1:dOB2rcuFrCn6UHrze36WSLVPKtzPMRAQvBvUwkSsLqs=
github.com/davecgh/go-spew v1.1.2-0.20180830191138-d8f796af33cc h1:U9qPSI2PIWSS1VwoXQT9A3Wy9MM3WgvqSxFWenqJduM=
github.com/davecgh/go-spew v1.1.2-0.20180830191138-d8f796af33cc/go.mod h1:J7Y8YcW2NihsgmVo/mv3lAwl/skON4iLHjSsI+c5H38=
github.com/pmezard/go-difflib v1.0.1-0.20181226105442-5d4384ee4fb2 h1:Jamvg5psRIccs7FGNTlIRMkT8wgtp5eCXdBlqhYGL6U=
github.com/pmezard/go-difflib v1.0.1-0.20181226105442-5d4384ee4fb2/go.mod h1:iKH77koFhYxTK1pcRnkKkqfTogsbg7gZNVY4sRDYZ/4=
github.com/stretchr/testify v1.10.0 h1:Xv5erBjTwe/5IxqUQTdXv5kgmIvbHo3QQyRwhJsOfJA=
github.com/stretchr/testify v1.10.0/go.mod h1:r2ic/lqez/lEtzL7wO/rwa5dbSLXVDPFyf8C91i36aY=
github.com/tomas-mraz/vgpu v0.0.0-20251126132356-6cdb68cda399 h1:4yOpzRZUdriJjJ2lqQEoBnDNzlhNq3B3OqvRGBnTKfk=
github.com/tomas-mraz/vgpu v0.0.0-20251126132356-6cdb68cda399/go.mod h1:zVTCRd9EKJtBOvTpaZVqfAO2Gsv1NFgEq/k9UD0eAaM=
github.com/tomas-mraz/vulkan v0.0.0-20250718111449-7cdec55a4f76 h1:K8bkiJ/xlBhqE48Wcg86idMSz/+FZWNsDsoUzrvHC8I=
github.com/tomas-mraz/vulkan v0.0.0-20250718111449-7cdec55a4f76/go.mod h1:DenbtB0Mynf6HTfN4PkMsmFWwtpoYa4xx00YdR5L8Fc=
github.com/xlab/linmath v0.0.0-20220922225318-40b6290c3b40 h1:FmU7+0eD5GaZzxlbNxVMiC7th7/7qHtskrkWt0ltFkU=
github.com/xlab/linmath v0.0.0-20220922225318-40b6290c3b40/go.mod h1:W1rLjlRa7JX2fcoZ4tb3ZkxuwI6pEX/JkDLPxe1/R1g=
golang.org/x/image v0.25.0 h1:Y6uW6rH1y5y/LK1J8BPWZtr6yZ7hrsy6hFrXjgsc2fQ=
golang.org/x/image v0.25.0/go.mod h1:tCAmOEGthTtkalusGp1g3xa2gke8J6c2N565dTyl9Rs=
gopkg.in/yaml.v3 v3.0.1 h1:fxVm/GzAzEWqLHuvctI91KS9hhNmmWOoWu0XTYJS7CA=
gopkg.in/yaml.v3 v3.0.1/go.mod h1:K4uyk7z7BCEPqu6E+C64Yfv1cQ7kz7rIZviUmN+EgEM=
